{
  "requires": true,
  "lockfileVersion": 1,
  "dependencies": {
    "commander": {
      "version": "2.20.3",
      "resolved": "https://registry.npmjs.org/commander/-/commander-2.20.3.tgz",
      "integrity": "sha512-GpVkmM8vF2vQUkj2LvZmD35JxeJOLCwJ9cUkugyk2nuhbv3+mJvpLYYt+0+USMxE+oj+ey/lJEnhZw75x/OMcQ=="
    },
    "ieee754": {
      "version": "1.1.13",
      "resolved": "https://registry.npmjs.org/ieee754/-/ieee754-1.1.13.tgz",
      "integrity": "sha512-4vf7I2LYV/HaWerSo3XmlMkp5eZ83i+/CDluXi/IGTs/O1sejBNhTtnxzmRZfvOUqj7lZjqHkeTvpgSFDlWZTg=="
    },
    "leaflet.vectorgrid": {
      "version": "1.3.0",
      "resolved": "https://registry.npmjs.org/leaflet.vectorgrid/-/leaflet.vectorgrid-1.3.0.tgz",
      "integrity": "sha512-kWmj1pKM+MVdo/7Mg5zsB3YrGZvo/uIuiANV9MvWUFOG+Y2xAJzrteDhoIcCgTjHSSRJ36xdeGdIQVhuWjnCZw==",
      "requires": {
        "pbf": "^3.0.2",
        "topojson-client": "^2.1.0",
        "vector-tile": "^1.3.0",
        "whatwg-fetch": "^2.0.3"
      }
    },
    "pbf": {
      "version": "3.2.1",
      "resolved": "https://registry.npmjs.org/pbf/-/pbf-3.2.1.tgz",
      "integrity": "sha512-ClrV7pNOn7rtmoQVF4TS1vyU0WhYRnP92fzbfF75jAIwpnzdJXf8iTd4CMEqO4yUenH6NDqLiwjqlh6QgZzgLQ==",
      "requires": {
        "ieee754": "^1.1.12",
        "resolve-protobuf-schema": "^2.1.0"
      }
    },
    "point-geometry": {
      "version": "0.0.0",
      "resolved": "https://registry.npmjs.org/point-geometry/-/point-geometry-0.0.0.tgz",
      "integrity": "sha1-b8vK16gDtkGCR91uScKFPFhNr/c="
    },
    "protocol-buffers-schema": {
      "version": "3.4.0",
      "resolved": "https://registry.npmjs.org/protocol-buffers-schema/-/protocol-buffers-schema-3.4.0.tgz",
      "integrity": "sha512-G/2kcamPF2S49W5yaMGdIpkG6+5wZF0fzBteLKgEHjbNzqjZQ85aAs1iJGto31EJaSTkNvHs5IXuHSaTLWBAiA=="
    },
    "resolve-protobuf-schema": {
      "version": "2.1.0",
      "resolved": "https://registry.npmjs.org/resolve-protobuf-schema/-/resolve-protobuf-schema-2.1.0.tgz",
      "integrity": "sha512-kI5ffTiZWmJaS/huM8wZfEMer1eRd7oJQhDuxeCLe3t7N7mX3z94CN0xPxBQxFYQTSNz9T0i+v6inKqSdK8xrQ==",
      "requires": {
        "protocol-buffers-schema": "^3.3.1"
      }
    },
    "topojson-client": {
      "version": "2.1.0",
      "resolved": "https://registry.npmjs.org/topojson-client/-/topojson-client-2.1.0.tgz",
      "integrity": "sha1-/59784mRGF4LQoTCsGroNPDqxsg=",
      "requires": {
        "commander": "2"
      }
    },
    "vector-tile": {
      "version": "1.3.0",
      "resolved": "https://registry.npmjs.org/vector-tile/-/vector-tile-1.3.0.tgz",
      "integrity": "sha1-BtUWqDsGPwTILvU5zxuxrr62lrQ=",
      "requires": {
        "point-geometry": "0.0.0"
      }
    },
    "whatwg-fetch": {
      "version": "2.0.4",
      "resolved": "https://registry.npmjs.org/whatwg-fetch/-/whatwg-fetch-2.0.4.tgz",
      "integrity": "sha512-dcQ1GWpOD/eEQ97k66aiEVpNnapVj90/+R+SXTPYGHpYBBypfKJEQjLrvMZ7YXbKm21gXd4NcuxUTjiv1YtLng=="
    }
  }
}
